schema: '2.0'
stages:
  data_collection:
    cmd: python src/data/data_collection.py
    deps:
    - path: src/data/data_collection.py
      hash: md5
      md5: 194f3c39bdb96bdf1638242262563633
      size: 2016
    outs:
    - path: data/raw
      hash: md5
      md5: c0c2d65c14a603e91e029fda3c344a5c.dir
      size: 522262
      nfiles: 2
  pre_processing:
    cmd: python src/data/data_prep.py
    deps:
    - path: data/raw
      hash: md5
      md5: c0c2d65c14a603e91e029fda3c344a5c.dir
      size: 522262
      nfiles: 2
    - path: src/data/data_prep.py
      hash: md5
      md5: 8865613a87fb9c2730a6122dfff95372
      size: 1818
    outs:
    - path: data/processed
      hash: md5
      md5: 09d7d1468d5c1e6739769af7e3154438.dir
      size: 546137
      nfiles: 2
  model_building:
    cmd: python src/model/model_building.py
    deps:
    - path: data/processed/
      hash: md5
      md5: 09d7d1468d5c1e6739769af7e3154438.dir
      size: 546137
      nfiles: 2
    - path: src/model/model_building.py
      hash: md5
      md5: cbb94a1a407d7b07667f958440c7883c
      size: 2025
    params:
      params.yaml:
        model_building.n_estimators: 750
    outs:
    - path: models/model.pkl
      hash: md5
      md5: 6a9443c802e84f6d6c7337fd587e8c59
      size: 55153868
  model_eval:
    cmd: python src/model/model_eval.py
    deps:
    - path: data/processed/
      hash: md5
      md5: 09d7d1468d5c1e6739769af7e3154438.dir
      size: 546137
      nfiles: 2
    - path: models/model.pkl
      hash: md5
      md5: 6a9443c802e84f6d6c7337fd587e8c59
      size: 55153868
    - path: src/model/model_eval.py
      hash: md5
      md5: ab2af2dc13fcaaf445b46b513982d704
      size: 739
    outs:
    - path: reports/metrics.json
      hash: md5
      md5: 6a705dd9e883a8f429a26d40e143474a
      size: 145
